// !$*UTF8*$!
{
	archiveVersion = 1;
	classes = {
	};
	objectVersion = 50;
	objects = {

/* Begin PBXBuildFile section */
		F13A0123265F1A5F009B55AC /* Pizza_thingApp.swift in Sources */ = {isa = PBXBuildFile; fileRef = F13A0122265F1A5F009B55AC /* Pizza_thingApp.swift */; };
		F13A0125265F1A60009B55AC /* ContentView.swift in Sources */ = {isa = PBXBuildFile; fileRef = F13A0124265F1A60009B55AC /* ContentView.swift */; };
		F13A0127265F1A60009B55AC /* Assets.xcassets in Resources */ = {isa = PBXBuildFile; fileRef = F13A0126265F1A60009B55AC /* Assets.xcassets */; };
		F13A012A265F1A60009B55AC /* Preview Assets.xcassets in Resources */ = {isa = PBXBuildFile; fileRef = F13A0129265F1A60009B55AC /* Preview Assets.xcassets */; };
		F13A0135265F1A61009B55AC /* Pizza_thingTests.swift in Sources */ = {isa = PBXBuildFile; fileRef = F13A0134265F1A61009B55AC /* Pizza_thingTests.swift */; };
		F13A0140265F1A61009B55AC /* Pizza_thingUITests.swift in Sources */ = {isa = PBXBuildFile; fileRef = F13A013F265F1A61009B55AC /* Pizza_thingUITests.swift */; };
		F13A015B265F1B4F009B55AC /* PizzaModel.swift in Sources */ = {isa = PBXBuildFile; fileRef = F13A015A265F1B4F009B55AC /* PizzaModel.swift */; };
		F13A0163265F1BA8009B55AC /* PizzaVM.swift in Sources */ = {isa = PBXBuildFile; fileRef = F13A0162265F1BA8009B55AC /* PizzaVM.swift */; };
/* End PBXBuildFile section */

/* Begin PBXContainerItemProxy section */
		F13A0131265F1A61009B55AC /* PBXContainerItemProxy */ = {
			isa = PBXContainerItemProxy;
			containerPortal = F13A0117265F1A5F009B55AC /* Project object */;
			proxyType = 1;
			remoteGlobalIDString = F13A011E265F1A5F009B55AC;
			remoteInfo = "Pizza thing";
		};
		F13A013C265F1A61009B55AC /* PBXContainerItemProxy */ = {
			isa = PBXContainerItemProxy;
			containerPortal = F13A0117265F1A5F009B55AC /* Project object */;
			proxyType = 1;
			remoteGlobalIDString = F13A011E265F1A5F009B55AC;
			remoteInfo = "Pizza thing";
		};
/* End PBXContainerItemProxy section */

/* Begin PBXFileReference section */
		F13A011F265F1A5F009B55AC /* Pizza thing.app */ = {isa = PBXFileReference; explicitFileType = wrapper.application; includeInIndex = 0; path = "Pizza thing.app"; sourceTree = BUILT_PRODUCTS_DIR; };
		F13A0122265F1A5F009B55AC /* Pizza_thingApp.swift */ = {isa = PBXFileReference; lastKnownFileType = sourcecode.swift; path = Pizza_thingApp.swift; sourceTree = "<group>"; };
		F13A0124265F1A60009B55AC /* ContentView.swift */ = {isa = PBXFileReference; lastKnownFileType = sourcecode.swift; path = ContentView.swift; sourceTree = "<group>"; };
		F13A0126265F1A60009B55AC /* Assets.xcassets */ = {isa = PBXFileReference; lastKnownFileType = folder.assetcatalog; path = Assets.xcassets; sourceTree = "<group>"; };
		F13A0129265F1A60009B55AC /* Preview Assets.xcassets */ = {isa = PBXFileReference; lastKnownFileType = folder.assetcatalog; path = "Preview Assets.xcassets"; sourceTree = "<group>"; };
		F13A012B265F1A60009B55AC /* Info.plist */ = {isa = PBXFileReference; lastKnownFileType = text.plist.xml; name = Info.plist; path = "Pizza thing/Info.plist"; sourceTree = SOURCE_ROOT; };
		F13A0130265F1A61009B55AC /* Pizza thingTests.xctest */ = {isa = PBXFileReference; explicitFileType = wrapper.cfbundle; includeInIndex = 0; path = "Pizza thingTests.xctest"; sourceTree = BUILT_PRODUCTS_DIR; };
		F13A0134265F1A61009B55AC /* Pizza_thingTests.swift */ = {isa = PBXFileReference; lastKnownFileType = sourcecode.swift; path = Pizza_thingTests.swift; sourceTree = "<group>"; };
		F13A0136265F1A61009B55AC /* Info.plist */ = {isa = PBXFileReference; lastKnownFileType = text.plist.xml; path = Info.plist; sourceTree = "<group>"; };
		F13A013B265F1A61009B55AC /* Pizza thingUITests.xctest */ = {isa = PBXFileReference; explicitFileType = wrapper.cfbundle; includeInIndex = 0; path = "Pizza thingUITests.xctest"; sourceTree = BUILT_PRODUCTS_DIR; };
		F13A013F265F1A61009B55AC /* Pizza_thingUITests.swift */ = {isa = PBXFileReference; lastKnownFileType = sourcecode.swift; path = Pizza_thingUITests.swift; sourceTree = "<group>"; };
		F13A0141265F1A61009B55AC /* Info.plist */ = {isa = PBXFileReference; lastKnownFileType = text.plist.xml; path = Info.plist; sourceTree = "<group>"; };
		F13A015A265F1B4F009B55AC /* PizzaModel.swift */ = {isa = PBXFileReference; lastKnownFileType = sourcecode.swift; path = PizzaModel.swift; sourceTree = "<group>"; };
		F13A0162265F1BA8009B55AC /* PizzaVM.swift */ = {isa = PBXFileReference; lastKnownFileType = sourcecode.swift; path = PizzaVM.swift; sourceTree = "<group>"; };
/* End PBXFileReference section */

/* Begin PBXFrameworksBuildPhase section */
		F13A011C265F1A5F009B55AC /* Frameworks */ = {
			isa = PBXFrameworksBuildPhase;
			buildActionMask = 2147483647;
			files = (
			);
			runOnlyForDeploymentPostprocessing = 0;
		};
		F13A012D265F1A61009B55AC /* Frameworks */ = {
			isa = PBXFrameworksBuildPhase;
			buildActionMask = 2147483647;
			files = (
			);
			runOnlyForDeploymentPostprocessing = 0;
		};
		F13A0138265F1A61009B55AC /* Frameworks */ = {
			isa = PBXFrameworksBuildPhase;
			buildActionMask = 2147483647;
			files = (
			);
			runOnlyForDeploymentPostprocessing = 0;
		};
/* End PBXFrameworksBuildPhase section */

/* Begin PBXGroup section */
		F13A0116265F1A5F009B55AC = {
			isa = PBXGroup;
			children = (
				F13A0170265F229F009B55AC /* Pizza thing */,
				F13A0133265F1A61009B55AC /* Pizza thingTests */,
				F13A013E265F1A61009B55AC /* Pizza thingUITests */,
				F13A0120265F1A5F009B55AC /* Products */,
			);
			sourceTree = "<group>";
		};
		F13A0120265F1A5F009B55AC /* Products */ = {
			isa = PBXGroup;
			children = (
				F13A011F265F1A5F009B55AC /* Pizza thing.app */,
				F13A0130265F1A61009B55AC /* Pizza thingTests.xctest */,
				F13A013B265F1A61009B55AC /* Pizza thingUITests.xctest */,
			);
			name = Products;
			sourceTree = "<group>";
		};
		F13A0121265F1A5F009B55AC /* Views */ = {
			isa = PBXGroup;
			children = (
				F13A0124265F1A60009B55AC /* ContentView.swift */,
			);
			path = Views;
			sourceTree = "<group>";
		};
		F13A0128265F1A60009B55AC /* Preview Content */ = {
			isa = PBXGroup;
			children = (
				F13A0129265F1A60009B55AC /* Preview Assets.xcassets */,
			);
			path = "Preview Content";
			sourceTree = "<group>";
		};
		F13A0133265F1A61009B55AC /* Pizza thingTests */ = {
			isa = PBXGroup;
			children = (
				F13A0134265F1A61009B55AC /* Pizza_thingTests.swift */,
				F13A0136265F1A61009B55AC /* Info.plist */,
			);
			path = "Pizza thingTests";
			sourceTree = "<group>";
		};
		F13A013E265F1A61009B55AC /* Pizza thingUITests */ = {
			isa = PBXGroup;
			children = (
				F13A013F265F1A61009B55AC /* Pizza_thingUITests.swift */,
				F13A0141265F1A61009B55AC /* Info.plist */,
			);
			path = "Pizza thingUITests";
			sourceTree = "<group>";
		};
		F13A0150265F1A67009B55AC /* ViewModels */ = {
			isa = PBXGroup;
			children = (
				F13A0162265F1BA8009B55AC /* PizzaVM.swift */,
			);
			path = ViewModels;
			sourceTree = "<group>";
		};
		F13A0159265F1AE2009B55AC /* Models */ = {
			isa = PBXGroup;
			children = (
				F13A015A265F1B4F009B55AC /* PizzaModel.swift */,
			);
			path = Models;
			sourceTree = "<group>";
		};
		F13A0170265F229F009B55AC /* Pizza thing */ = {
			isa = PBXGroup;
			children = (
				F13A012B265F1A60009B55AC /* Info.plist */,
				F13A0126265F1A60009B55AC /* Assets.xcassets */,
				F13A0122265F1A5F009B55AC /* Pizza_thingApp.swift */,
				F13A0121265F1A5F009B55AC /* Views */,
				F13A0150265F1A67009B55AC /* ViewModels */,
				F13A0159265F1AE2009B55AC /* Models */,
				F13A0128265F1A60009B55AC /* Preview Content */,
			);
			path = "Pizza thing";
			sourceTree = "<group>";
		};
/* End PBXGroup section */

/* Begin PBXNativeTarget section */
		F13A011E265F1A5F009B55AC /* Pizza thing */ = {
			isa = PBXNativeTarget;
			buildConfigurationList = F13A0144265F1A61009B55AC /* Build configuration list for PBXNativeTarget "Pizza thing" */;
			buildPhases = (
				F13A011B265F1A5F009B55AC /* Sources */,
				F13A011C265F1A5F009B55AC /* Frameworks */,
				F13A011D265F1A5F009B55AC /* Resources */,
			);
			buildRules = (
			);
			dependencies = (
			);
			name = "Pizza thing";
			productName = "Pizza thing";
			productReference = F13A011F265F1A5F009B55AC /* Pizza thing.app */;
			productType = "com.apple.product-type.application";
		};
		F13A012F265F1A61009B55AC /* Pizza thingTests */ = {
			isa = PBXNativeTarget;
			buildConfigurationList = F13A0147265F1A61009B55AC /* Build configuration list for PBXNativeTarget "Pizza thingTests" */;
			buildPhases = (
				F13A012C265F1A61009B55AC /* Sources */,
				F13A012D265F1A61009B55AC /* Frameworks */,
				F13A012E265F1A61009B55AC /* Resources */,
			);
			buildRules = (
			);
			dependencies = (
				F13A0132265F1A61009B55AC /* PBXTargetDependency */,
			);
			name = "Pizza thingTests";
			productName = "Pizza thingTests";
			productReference = F13A0130265F1A61009B55AC /* Pizza thingTests.xctest */;
			productType = "com.apple.product-type.bundle.unit-test";
		};
		F13A013A265F1A61009B55AC /* Pizza thingUITests */ = {
			isa = PBXNativeTarget;
			buildConfigurationList = F13A014A265F1A61009B55AC /* Build configuration list for PBXNativeTarget "Pizza thingUITests" */;
			buildPhases = (
				F13A0137265F1A61009B55AC /* Sources */,
				F13A0138265F1A61009B55AC /* Frameworks */,
				F13A0139265F1A61009B55AC /* Resources */,
			);
			buildRules = (
			);
			dependencies = (
				F13A013D265F1A61009B55AC /* PBXTargetDependency */,
			);
			name = "Pizza thingUITests";
			productName = "Pizza thingUITests";
			productReference = F13A013B265F1A61009B55AC /* Pizza thingUITests.xctest */;
			productType = "com.apple.product-type.bundle.ui-testing";
		};
/* End PBXNativeTarget section */

/* Begin PBXProject section */
		F13A0117265F1A5F009B55AC /* Project object */ = {
			isa = PBXProject;
			attributes = {
				LastSwiftUpdateCheck = 1240;
				LastUpgradeCheck = 1240;
				TargetAttributes = {
					F13A011E265F1A5F009B55AC = {
						CreatedOnToolsVersion = 12.4;
					};
					F13A012F265F1A61009B55AC = {
						CreatedOnToolsVersion = 12.4;
						TestTargetID = F13A011E265F1A5F009B55AC;
					};
					F13A013A265F1A61009B55AC = {
						CreatedOnToolsVersion = 12.4;
						TestTargetID = F13A011E265F1A5F009B55AC;
					};
				};
			};
			buildConfigurationList = F13A011A265F1A5F009B55AC /* Build configuration list for PBXProject "Pizza thing" */;
			compatibilityVersion = "Xcode 9.3";
			developmentRegion = en;
			hasScannedForEncodings = 0;
			knownRegions = (
				en,
				Base,
			);
			mainGroup = F13A0116265F1A5F009B55AC;
			productRefGroup = F13A0120265F1A5F009B55AC /* Products */;
			projectDirPath = "";
			projectRoot = "";
			targets = (
				F13A011E265F1A5F009B55AC /* Pizza thing */,
				F13A012F265F1A61009B55AC /* Pizza thingTests */,
				F13A013A265F1A61009B55AC /* Pizza thingUITests */,
			);
		};
/* End PBXProject section */

/* Begin PBXResourcesBuildPhase section */
		F13A011D265F1A5F009B55AC /* Resources */ = {
			isa = PBXResourcesBuildPhase;
			buildActionMask = 2147483647;
			files = (
				F13A012A265F1A60009B55AC /* Preview Assets.xcassets in Resources */,
				F13A0127265F1A60009B55AC /* Assets.xcassets in Resources */,
			);
			runOnlyForDeploymentPostprocessing = 0;
		};
		F13A012E265F1A61009B55AC /* Resources */ = {
			isa = PBXResourcesBuildPhase;
			buildActionMask = 2147483647;
			files = (
			);
			runOnlyForDeploymentPostprocessing = 0;
		};
		F13A0139265F1A61009B55AC /* Resources */ = {
			isa = PBXResourcesBuildPhase;
			buildActionMask = 2147483647;
			files = (
			);
			runOnlyForDeploymentPostprocessing = 0;
		};
/* End PBXResourcesBuildPhase section */

/* Begin PBXSourcesBuildPhase section */
		F13A011B265F1A5F009B55AC /* Sources */ = {
			isa = PBXSourcesBuildPhase;
			buildActionMask = 2147483647;
			files = (
				F13A0125265F1A60009B55AC /* ContentView.swift in Sources */,
				F13A0163265F1BA8009B55AC /* PizzaVM.swift in Sources */,
				F13A0123265F1A5F009B55AC /* Pizza_thingApp.swift in Sources */,
				F13A015B265F1B4F009B55AC /* PizzaModel.swift in Sources */,
			);
			runOnlyForDeploymentPostprocessing = 0;
		};
		F13A012C265F1A61009B55AC /* Sources */ = {
			isa = PBXSourcesBuildPhase;
			buildActionMask = 2147483647;
			files = (
				F13A0135265F1A61009B55AC /* Pizza_thingTests.swift in Sources */,
			);
			runOnlyForDeploymentPostprocessing = 0;
		};
		F13A0137265F1A61009B55AC /* Sources */ = {
			isa = PBXSourcesBuildPhase;
			buildActionMask = 2147483647;
			files = (
				F13A0140265F1A61009B55AC /* Pizza_thingUITests.swift in Sources */,
			);
			runOnlyForDeploymentPostprocessing = 0;
		};
/* End PBXSourcesBuildPhase section */

/* Begin PBXTargetDependency section */
		F13A0132265F1A61009B55AC /* PBXTargetDependency */ = {
			isa = PBXTargetDependency;
			target = F13A011E265F1A5F009B55AC /* Pizza thing */;
			targetProxy = F13A0131265F1A61009B55AC /* PBXContainerItemProxy */;
		};
		F13A013D265F1A61009B55AC /* PBXTargetDependency */ = {
			isa = PBXTargetDependency;
			target = F13A011E265F1A5F009B55AC /* Pizza thing */;
			targetProxy = F13A013C265F1A61009B55AC /* PBXContainerItemProxy */;
		};
/* End PBXTargetDependency section */

/* Begin XCBuildConfiguration section */
		F13A0142265F1A61009B55AC /* Debug */ = {
			isa = XCBuildConfiguration;
			buildSettings = {
				ALWAYS_SEARCH_USER_PATHS = NO;
				CLANG_ANALYZER_NONNULL = YES;
				CLANG_ANALYZER_NUMBER_OBJECT_CONVERSION = YES_AGGRESSIVE;
				CLANG_CXX_LANGUAGE_STANDARD = "gnu++14";
				CLANG_CXX_LIBRARY = "libc++";
				CLANG_ENABLE_MODULES = YES;
				CLANG_ENABLE_OBJC_ARC = YES;
				CLANG_ENABLE_OBJC_WEAK = YES;
				CLANG_WARN_BLOCK_CAPTURE_AUTORELEASING = YES;
				CLANG_WARN_BOOL_CONVERSION = YES;
				CLANG_WARN_COMMA = YES;
				CLANG_WARN_CONSTANT_CONVERSION = YES;
				CLANG_WARN_DEPRECATED_OBJC_IMPLEMENTATIONS = YES;
				CLANG_WARN_DIRECT_OBJC_ISA_USAGE = YES_ERROR;
				CLANG_WARN_DOCUMENTATION_COMMENTS = YES;
				CLANG_WARN_EMPTY_BODY = YES;
				CLANG_WARN_ENUM_CONVERSION = YES;
				CLANG_WARN_INFINITE_RECURSION = YES;
				CLANG_WARN_INT_CONVERSION = YES;
				CLANG_WARN_NON_LITERAL_NULL_CONVERSION = YES;
				CLANG_WARN_OBJC_IMPLICIT_RETAIN_SELF = YES;
				CLANG_WARN_OBJC_LITERAL_CONVERSION = YES;
				CLANG_WARN_OBJC_ROOT_CLASS = YES_ERROR;
				CLANG_WARN_QUOTED_INCLUDE_IN_FRAMEWORK_HEADER = YES;
				CLANG_WARN_RANGE_LOOP_ANALYSIS = YES;
				CLANG_WARN_STRICT_PROTOTYPES = YES;
				CLANG_WARN_SUSPICIOUS_MOVE = YES;
				CLANG_WARN_UNGUARDED_AVAILABILITY = YES_AGGRESSIVE;
				CLANG_WARN_UNREACHABLE_CODE = YES;
				CLANG_WARN__DUPLICATE_METHOD_MATCH = YES;
				COPY_PHASE_STRIP = NO;
				DEBUG_INFORMATION_FORMAT = dwarf;
				ENABLE_STRICT_OBJC_MSGSEND = YES;
				ENABLE_TESTABILITY = YES;
				GCC_C_LANGUAGE_STANDARD = gnu11;
				GCC_DYNAMIC_NO_PIC = NO;
				GCC_NO_COMMON_BLOCKS = YES;
				GCC_OPTIMIZATION_LEVEL = 0;
				GCC_PREPROCESSOR_DEFINITIONS = (
					"DEBUG=1",
					"$(inherited)",
				);
				GCC_WARN_64_TO_32_BIT_CONVERSION = YES;
				GCC_WARN_ABOUT_RETURN_TYPE = YES_ERROR;
				GCC_WARN_UNDECLARED_SELECTOR = YES;
				GCC_WARN_UNINITIALIZED_AUTOS = YES_AGGRESSIVE;
				GCC_WARN_UNUSED_FUNCTION = YES;
				GCC_WARN_UNUSED_VARIABLE = YES;
				IPHONEOS_DEPLOYMENT_TARGET = 14.4;
				MTL_ENABLE_DEBUG_INFO = INCLUDE_SOURCE;
				MTL_FAST_MATH = YES;
				ONLY_ACTIVE_ARCH = YES;
				SDKROOT = iphoneos;
				SWIFT_ACTIVE_COMPILATION_CONDITIONS = DEBUG;
				SWIFT_OPTIMIZATION_LEVEL = "-Onone";
			};
			name = Debug;
		};
		F13A0143265F1A61009B55AC /* Release */ = {
			isa = XCBuildConfiguration;
			buildSettings = {
				ALWAYS_SEARCH_USER_PATHS = NO;
				CLANG_ANALYZER_NONNULL = YES;
				CLANG_ANALYZER_NUMBER_OBJECT_CONVERSION = YES_AGGRESSIVE;
				CLANG_CXX_LANGUAGE_STANDARD = "gnu++14";
				CLANG_CXX_LIBRARY = "libc++";
				CLANG_ENABLE_MODULES = YES;
				CLANG_ENABLE_OBJC_ARC = YES;
				CLANG_ENABLE_OBJC_WEAK = YES;
				CLANG_WARN_BLOCK_CAPTURE_AUTORELEASING = YES;
				CLANG_WARN_BOOL_CONVERSION = YES;
				CLANG_WARN_COMMA = YES;
				CLANG_WARN_CONSTANT_CONVERSION = YES;
				CLANG_WARN_DEPRECATED_OBJC_IMPLEMENTATIONS = YES;
				CLANG_WARN_DIRECT_OBJC_ISA_USAGE = YES_ERROR;
				CLANG_WARN_DOCUMENTATION_COMMENTS = YES;
				CLANG_WARN_EMPTY_BODY = YES;
				CLANG_WARN_ENUM_CONVERSION = YES;
				CLANG_WARN_INFINITE_RECURSION = YES;
				CLANG_WARN_INT_CONVERSION = YES;
				CLANG_WARN_NON_LITERAL_NULL_CONVERSION = YES;
				CLANG_WARN_OBJC_IMPLICIT_RETAIN_SELF = YES;
				CLANG_WARN_OBJC_LITERAL_CONVERSION = YES;
				CLANG_WARN_OBJC_ROOT_CLASS = YES_ERROR;
				CLANG_WARN_QUOTED_INCLUDE_IN_FRAMEWORK_HEADER = YES;
				CLANG_WARN_RANGE_LOOP_ANALYSIS = YES;
				CLANG_WARN_STRICT_PROTOTYPES = YES;
				CLANG_WARN_SUSPICIOUS_MOVE = YES;
				CLANG_WARN_UNGUARDED_AVAILABILITY = YES_AGGRESSIVE;
				CLANG_WARN_UNREACHABLE_CODE = YES;
				CLANG_WARN__DUPLICATE_METHOD_MATCH = YES;
				COPY_PHASE_STRIP = NO;
				DEBUG_INFORMATION_FORMAT = "dwarf-with-dsym";
				ENABLE_NS_ASSERTIONS = NO;
				ENABLE_STRICT_OBJC_MSGSEND = YES;
				GCC_C_LANGUAGE_STANDARD = gnu11;
				GCC_NO_COMMON_BLOCKS = YES;
				GCC_WARN_64_TO_32_BIT_CONVERSION = YES;
				GCC_WARN_ABOUT_RETURN_TYPE = YES_ERROR;
				GCC_WARN_UNDECLARED_SELECTOR = YES;
				GCC_WARN_UNINITIALIZED_AUTOS = YES_AGGRESSIVE;
				GCC_WARN_UNUSED_FUNCTION = YES;
				GCC_WARN_UNUSED_VARIABLE = YES;
				IPHONEOS_DEPLOYMENT_TARGET = 14.4;
				MTL_ENABLE_DEBUG_INFO = NO;
				MTL_FAST_MATH = YES;
				SDKROOT = iphoneos;
				SWIFT_COMPILATION_MODE = wholemodule;
				SWIFT_OPTIMIZATION_LEVEL = "-O";
				VALIDATE_PRODUCT = YES;
			};
			name = Release;
		};
		F13A0145265F1A61009B55AC /* Debug */ = {
			isa = XCBuildConfiguration;
			buildSettings = {
				ASSETCATALOG_COMPILER_APPICON_NAME = AppIcon;
				ASSETCATALOG_COMPILER_GLOBAL_ACCENT_COLOR_NAME = AccentColor;
				CODE_SIGN_STYLE = Automatic;
				DEVELOPMENT_ASSET_PATHS = "\"Pizza thing/Preview Content\"";
				DEVELOPMENT_TEAM = N4H9384MTC;
				ENABLE_PREVIEWS = YES;
				INFOPLIST_FILE = "Pizza thing/Info.plist";
				IPHONEOS_DEPLOYMENT_TARGET = 14.0;
				LD_RUNPATH_SEARCH_PATHS = (
					"$(inherited)",
					"@executable_path/Frameworks",
				);
				PRODUCT_BUNDLE_IDENTIFIER = "EG.Pizza-thing";
				PRODUCT_NAME = "$(TARGET_NAME)";
				SWIFT_VERSION = 5.0;
				TARGETED_DEVICE_FAMILY = "1,2";
			};
			name = Debug;
		};
		F13A0146265F1A61009B55AC /* Release */ = {
			isa = XCBuildConfiguration;
			buildSettings = {
				ASSETCATALOG_COMPILER_APPICON_NAME = AppIcon;
				ASSETCATALOG_COMPILER_GLOBAL_ACCENT_COLOR_NAME = AccentColor;
				CODE_SIGN_STYLE = Automatic;
				DEVELOPMENT_ASSET_PATHS = "\"Pizza thing/Preview Content\"";
				DEVELOPMENT_TEAM = N4H9384MTC;
				ENABLE_PREVIEWS = YES;
				INFOPLIST_FILE = "Pizza thing/Info.plist";
				IPHONEOS_DEPLOYMENT_TARGET = 14.0;
				LD_RUNPATH_SEARCH_PATHS = (
					"$(inherited)",
					"@executable_path/Frameworks",
				);
				PRODUCT_BUNDLE_IDENTIFIER = "EG.Pizza-thing";
				PRODUCT_NAME = "$(TARGET_NAME)";
				SWIFT_VERSION = 5.0;
				TARGETED_DEVICE_FAMILY = "1,2";
			};
			name = Release;
		};
		F13A0148265F1A61009B55AC /* Debug */ = {
			isa = XCBuildConfiguration;
			buildSettings = {
				ALWAYS_EMBED_SWIFT_STANDARD_LIBRARIES = YES;
				BUNDLE_LOADER = "$(TEST_HOST)";
				CODE_SIGN_STYLE = Automatic;
				DEVELOPMENT_TEAM = N4H9384MTC;
				INFOPLIST_FILE = "Pizza thingTests/Info.plist";
				IPHONEOS_DEPLOYMENT_TARGET = 14.0;
				LD_RUNPATH_SEARCH_PATHS = (
					"$(inherited)",
					"@executable_path/Frameworks",
					"@loader_path/Frameworks",
				);
				PRODUCT_BUNDLE_IDENTIFIER = "EG.Pizza-thingTests";
				PRODUCT_NAME = "$(TARGET_NAME)";
				SWIFT_VERSION = 5.0;
				TARGETED_DEVICE_FAMILY = "1,2";
				TEST_HOST = "$(BUILT_PRODUCTS_DIR)/Pizza thing.app/Pizza thing";
			};
			name = Debug;
		};
		F13A0149265F1A61009B55AC /* Release */ = {
			isa = XCBuildConfiguration;
			buildSettings = {
				ALWAYS_EMBED_SWIFT_STANDARD_LIBRARIES = YES;
				BUNDLE_LOADER = "$(TEST_HOST)";
				CODE_SIGN_STYLE = Automatic;
				DEVELOPMENT_TEAM = N4H9384MTC;
				INFOPLIST_FILE = "Pizza thingTests/Info.plist";
				IPHONEOS_DEPLOYMENT_TARGET = 14.0;
				LD_RUNPATH_SEARCH_PATHS = (
					"$(inherited)",
					"@executable_path/Frameworks",
					"@loader_path/Frameworks",
				);
				PRODUCT_BUNDLE_IDENTIFIER = "EG.Pizza-thingTests";
				PRODUCT_NAME = "$(TARGET_NAME)";
				SWIFT_VERSION = 5.0;
				TARGETED_DEVICE_FAMILY = "1,2";
				TEST_HOST = "$(BUILT_PRODUCTS_DIR)/Pizza thing.app/Pizza thing";
			};
			name = Release;
		};
		F13A014B265F1A61009B55AC /* Debug */ = {
			isa = XCBuildConfiguration;
			buildSettings = {
				ALWAYS_EMBED_SWIFT_STANDARD_LIBRARIES = YES;
				CODE_SIGN_STYLE = Automatic;
				DEVELOPMENT_TEAM = N4H9384MTC;
				INFOPLIST_FILE = "Pizza thingUITests/Info.plist";
				LD_RUNPATH_SEARCH_PATHS = (
					"$(inherited)",
					"@executable_path/Frameworks",
					"@loader_path/Frameworks",
				);
				PRODUCT_BUNDLE_IDENTIFIER = "EG.Pizza-thingUITests";
				PRODUCT_NAME = "$(TARGET_NAME)";
				SWIFT_VERSION = 5.0;
				TARGETED_DEVICE_FAMILY = "1,2";
				TEST_TARGET_NAME = "Pizza thing";
			};
			name = Debug;
		};
		F13A014C265F1A61009B55AC /* Release */ = {
			isa = XCBuildConfiguration;
			buildSettings = {
				ALWAYS_EMBED_SWIFT_STANDARD_LIBRARIES = YES;
				CODE_SIGN_STYLE = Automatic;
				DEVELOPMENT_TEAM = N4H9384MTC;
				INFOPLIST_FILE = "Pizza thingUITests/Info.plist";
				LD_RUNPATH_SEARCH_PATHS = (
					"$(inherited)",
					"@executable_path/Frameworks",
					"@loader_path/Frameworks",
				);
				PRODUCT_BUNDLE_IDENTIFIER = "EG.Pizza-thingUITests";
				PRODUCT_NAME = "$(TARGET_NAME)";
				SWIFT_VERSION = 5.0;
				TARGETED_DEVICE_FAMILY = "1,2";
				TEST_TARGET_NAME = "Pizza thing";
			};
			name = Release;
		};
/* End XCBuildConfiguration section */

/* Begin XCConfigurationList section */
		F13A011A265F1A5F009B55AC /* Build configuration list for PBXProject "Pizza thing" */ = {
			isa = XCConfigurationList;
			buildConfigurations = (
				F13A0142265F1A61009B55AC /* Debug */,
				F13A0143265F1A61009B55AC /* Release */,
			);
			defaultConfigurationIsVisible = 0;
			defaultConfigurationName = Release;
		};
		F13A0144265F1A61009B55AC /* Build configuration list for PBXNativeTarget "Pizza thing" */ = {
			isa = XCConfigurationList;
			buildConfigurations = (
				F13A0145265F1A61009B55AC /* Debug */,
				F13A0146265F1A61009B55AC /* Release */,
			);
			defaultConfigurationIsVisible = 0;
			defaultConfigurationName = Release;
		};
		F13A0147265F1A61009B55AC /* Build configuration list for PBXNativeTarget "Pizza thingTests" */ = {
			isa = XCConfigurationList;
			buildConfigurations = (
				F13A0148265F1A61009B55AC /* Debug */,
				F13A0149265F1A61009B55AC /* Release */,
			);
			defaultConfigurationIsVisible = 0;
			defaultConfigurationName = Release;
		};
		F13A014A265F1A61009B55AC /* Build configuration list for PBXNativeTarget "Pizza thingUITests" */ = {
			isa = XCConfigurationList;
			buildConfigurations = (
				F13A014B265F1A61009B55AC /* Debug */,
				F13A014C265F1A61009B55AC /* Release */,
			);
			defaultConfigurationIsVisible = 0;
			defaultConfigurationName = Release;
		};
/* End XCConfigurationList section */
	};
	rootObject = F13A0117265F1A5F009B55AC /* Project object */;
}
